
Microsoft Visual Studio Solution File, Format Version 12.00
# Visual Studio 15
VisualStudioVersion = 15.0.27703.2018
MinimumVisualStudioVersion = 10.0.40219.1
Project("{FAE04EC0-301F-11D3-BF4B-00C04F79EFBC}") = "TimerTest", "TimerTest\TimerTest.csproj", "{230C8138-C604-47BE-8FA3-74250892BCDB}"
EndProject
Project("{FAE04EC0-301F-11D3-BF4B-00C04F79EFBC}") = "Converters", "Converters\Converters.csproj", "{21F97030-FC01-44CD-B1E9-1FBF0B19E457}"
EndProject
Project("{FAE04EC0-301F-11D3-BF4B-00C04F79EFBC}") = "AutoResetEventEx2", "AutoResetEventEx2\AutoResetEventEx2.csproj", "{8A1C14C8-EFFD-4AC5-A284-2F2AAE9E8AA2}"
EndProject
Project("{FAE04EC0-301F-11D3-BF4B-00C04F79EFBC}") = "AutoResetEventEx1", "AutoResetEventEx1\AutoResetEventEx1.csproj", "{7E21FD4A-CF00-4203-B9B4-51C262F256FF}"
EndProject
Project("{FAE04EC0-301F-11D3-BF4B-00C04F79EFBC}") = "TimerExample", "TimerExample\TimerExample.csproj", "{8E656B7E-C8D2-45E8-A55D-1F2DD2333A11}"
EndProject
Project("{FAE04EC0-301F-11D3-BF4B-00C04F79EFBC}") = "WpfApp1", "WpfApp1\WpfApp1.csproj", "{938CFDF8-AB56-4D2E-A44E-77CC6A39D296}"
EndProject
Project("{FAE04EC0-301F-11D3-BF4B-00C04F79EFBC}") = "TimerTextBox", "TimerTextBox\TimerTextBox.csproj", "{670AD9B5-4AED-4DF4-8828-257E8ACA1F9B}"
EndProject
Project("{FAE04EC0-301F-11D3-BF4B-00C04F79EFBC}") = "BoolStringIntToObjectSpeed", "ConsoleApp1\BoolStringIntToObjectSpeed.csproj", "{52D66B67-0F46-4651-A993-613FA0D4E8E7}"
EndProject
Project("{FAE04EC0-301F-11D3-BF4B-00C04F79EFBC}") = "TimerBoxControl", "TimerBoxControl\TimerBoxControl.csproj", "{095805CF-D3F3-4CB9-8D49-2E8289ED0623}"
EndProject
Project("{FAE04EC0-301F-11D3-BF4B-00C04F79EFBC}") = "TimerBoxControlTest", "TimerBoxControlTest\TimerBoxControlTest.csproj", "{2EC9A145-CDD0-443B-BBB6-C815BC2E74AA}"
EndProject
Project("{2150E333-8FDC-42A3-9474-1A3956D46DE8}") = "Main Project", "Main Project", "{C71CAA05-A8C0-4DB8-8220-13D22FDDA59F}"
EndProject
Project("{2150E333-8FDC-42A3-9474-1A3956D46DE8}") = "Experiments", "Experiments", "{69984EBD-0473-48DD-8403-3912630DF172}"
EndProject
Project("{2150E333-8FDC-42A3-9474-1A3956D46DE8}") = "Tests", "Tests", "{8782C54A-0F13-497E-A553-F376052F4C44}"
EndProject
Project("{2150E333-8FDC-42A3-9474-1A3956D46DE8}") = "TimerBoxExp", "TimerBoxExp", "{E89F7F4D-C700-41A1-9B83-B4B8B91A2976}"
EndProject
Project("{2150E333-8FDC-42A3-9474-1A3956D46DE8}") = "AutoResetEventExp", "AutoResetEventExp", "{127FBA13-5D31-4499-ABCD-C5073BF26964}"
EndProject
Project("{FAE04EC0-301F-11D3-BF4B-00C04F79EFBC}") = "SortedList", "SortedList\SortedList.csproj", "{A0CB9F85-12F2-45A6-BD39-5DBE762491E9}"
EndProject
Project("{FAE04EC0-301F-11D3-BF4B-00C04F79EFBC}") = "NullOperatorOrForeach", "NullOperatorOrForeach\NullOperatorOrForeach.csproj", "{429BEDC9-8DB5-4A07-B26F-823E193DC23A}"
EndProject
Project("{2150E333-8FDC-42A3-9474-1A3956D46DE8}") = "FunWithTimer", "FunWithTimer", "{FC34C6B1-B6BD-4BA3-8B7D-D61B797CBAE1}"
EndProject
Project("{FAE04EC0-301F-11D3-BF4B-00C04F79EFBC}") = "TimerStateObject", "TimerStateObject\TimerStateObject.csproj", "{572DDB4D-DF2D-40CD-9232-57364610B32C}"
EndProject
Project("{2150E333-8FDC-42A3-9474-1A3956D46DE8}") = "FunWithAsyncAwait", "FunWithAsyncAwait", "{C9BF577B-DD54-436C-8BF3-5B7108852282}"
EndProject
Project("{2150E333-8FDC-42A3-9474-1A3956D46DE8}") = "Else", "Else", "{116EB88A-E796-44D8-B5DA-061910B24AB4}"
EndProject
Project("{FAE04EC0-301F-11D3-BF4B-00C04F79EFBC}") = "FunWithAsyncAwait", "FunWithAsyncAwait\FunWithAsyncAwait.csproj", "{80AF15A6-FE06-43E7-B4FF-A250F2C00DD3}"
EndProject
Project("{FAE04EC0-301F-11D3-BF4B-00C04F79EFBC}") = "DotnetperlsComAsync", "DotnetperlsComAsync\DotnetperlsComAsync.csproj", "{11A06554-263E-49BA-BB80-6416A03BA38D}"
EndProject
Project("{FAE04EC0-301F-11D3-BF4B-00C04F79EFBC}") = "DotnetperlsComAsync2", "DotnetperlsComAsync2\DotnetperlsComAsync2.csproj", "{5132C7F3-5E2F-44AC-BD88-B8A7868BBA4A}"
EndProject
Project("{2150E333-8FDC-42A3-9474-1A3956D46DE8}") = "FunWithObservableCollection", "FunWithObservableCollection", "{4405D521-79F1-4412-9A0F-017115B1CBEB}"
EndProject
Project("{FAE04EC0-301F-11D3-BF4B-00C04F79EFBC}") = "CycleBellLibraryTests", "Tests\CycleBellLibraryTests\CycleBellLibraryTests.csproj", "{4E2E67A4-4046-419D-98FD-0C971DFE0D22}"
EndProject
Project("{FAE04EC0-301F-11D3-BF4B-00C04F79EFBC}") = "CycleBell", "Main Project\CycleBell\CycleBell.csproj", "{B098FFD5-0010-4C65-94B0-0A73DED8DBD6}"
EndProject
Project("{FAE04EC0-301F-11D3-BF4B-00C04F79EFBC}") = "CycleBellConsolApp", "Main Project\CycleBellConsolApp\CycleBellConsolApp.csproj", "{0DB03D1F-87FF-463C-82C8-8975E8403E9D}"
EndProject
Project("{FAE04EC0-301F-11D3-BF4B-00C04F79EFBC}") = "CycleBellLibrary", "Main Project\CycleBellLibrary\CycleBellLibrary.csproj", "{9D17CC68-D43E-45AF-BD40-4443A579B8C5}"
EndProject
Project("{FAE04EC0-301F-11D3-BF4B-00C04F79EFBC}") = "FunWithObservableCollection1", "Experiments\FunWithObservableCollection1\FunWithObservableCollection1.csproj", "{B8E6B03F-952F-4B53-B5C6-B24E79B1BA55}"
EndProject
Project("{FAE04EC0-301F-11D3-BF4B-00C04F79EFBC}") = "SimpleSerialize", "..\TroelsenC7\SimpleSerialize\SimpleSerialize.csproj", "{61ED02DD-067D-439E-8743-712EE7471BD9}"
EndProject
Project("{2150E333-8FDC-42A3-9474-1A3956D46DE8}") = "FunWithLinq", "FunWithLinq", "{43DC268D-9F43-41E5-874B-F588D351FE18}"
EndProject
Project("{FAE04EC0-301F-11D3-BF4B-00C04F79EFBC}") = "FunWithLinqProject", "Experiments\FunWithLinqProject\FunWithLinqProject.csproj", "{A8E92D1B-60F2-434E-B6C6-5E48D7FD2124}"
EndProject
Project("{FAE04EC0-301F-11D3-BF4B-00C04F79EFBC}") = "TimeSpanLogical", "Experiments\TimeSpanLogical\TimeSpanLogical.csproj", "{66EEB0E3-D43A-45BE-93FB-70D1302F6C1E}"
EndProject
Project("{2150E333-8FDC-42A3-9474-1A3956D46DE8}") = "FunWithCycleBellSerialization", "FunWithCycleBellSerialization", "{6155B434-2F07-4D7F-9567-64D5A32B3468}"
EndProject
Project("{FAE04EC0-301F-11D3-BF4B-00C04F79EFBC}") = "TimerCycleDictionarySerialization", "TimerCycleDictionarySerialization\TimerCycleDictionarySerialization.csproj", "{971966B3-26F3-4EA2-A24D-7F3B6280911F}"
EndProject
Project("{FAE04EC0-301F-11D3-BF4B-00C04F79EFBC}") = "ReadStartEleme", "ReadStartEleme\ReadStartEleme.csproj", "{AE7EB2BA-631B-4613-82D4-820FC6E9EA1F}"
EndProject
Project("{FAE04EC0-301F-11D3-BF4B-00C04F79EFBC}") = "CycleBellLibrary.NUnitTests", "CycleBellLibrary.NUnitTests\CycleBellLibrary.NUnitTests.csproj", "{B908E8D4-4C54-418E-AEF8-7F066A7E2A31}"
EndProject
Global
	GlobalSection(SolutionConfigurationPlatforms) = preSolution
		Debug|Any CPU = Debug|Any CPU
		Release|Any CPU = Release|Any CPU
	EndGlobalSection
	GlobalSection(ProjectConfigurationPlatforms) = postSolution
		{230C8138-C604-47BE-8FA3-74250892BCDB}.Debug|Any CPU.ActiveCfg = Debug|Any CPU
		{230C8138-C604-47BE-8FA3-74250892BCDB}.Debug|Any CPU.Build.0 = Debug|Any CPU
		{230C8138-C604-47BE-8FA3-74250892BCDB}.Release|Any CPU.ActiveCfg = Release|Any CPU
		{230C8138-C604-47BE-8FA3-74250892BCDB}.Release|Any CPU.Build.0 = Release|Any CPU
		{21F97030-FC01-44CD-B1E9-1FBF0B19E457}.Debug|Any CPU.ActiveCfg = Debug|Any CPU
		{21F97030-FC01-44CD-B1E9-1FBF0B19E457}.Debug|Any CPU.Build.0 = Debug|Any CPU
		{21F97030-FC01-44CD-B1E9-1FBF0B19E457}.Release|Any CPU.ActiveCfg = Release|Any CPU
		{21F97030-FC01-44CD-B1E9-1FBF0B19E457}.Release|Any CPU.Build.0 = Release|Any CPU
		{8A1C14C8-EFFD-4AC5-A284-2F2AAE9E8AA2}.Debug|Any CPU.ActiveCfg = Debug|Any CPU
		{8A1C14C8-EFFD-4AC5-A284-2F2AAE9E8AA2}.Debug|Any CPU.Build.0 = Debug|Any CPU
		{8A1C14C8-EFFD-4AC5-A284-2F2AAE9E8AA2}.Release|Any CPU.ActiveCfg = Release|Any CPU
		{8A1C14C8-EFFD-4AC5-A284-2F2AAE9E8AA2}.Release|Any CPU.Build.0 = Release|Any CPU
		{7E21FD4A-CF00-4203-B9B4-51C262F256FF}.Debug|Any CPU.ActiveCfg = Debug|Any CPU
		{7E21FD4A-CF00-4203-B9B4-51C262F256FF}.Debug|Any CPU.Build.0 = Debug|Any CPU
		{7E21FD4A-CF00-4203-B9B4-51C262F256FF}.Release|Any CPU.ActiveCfg = Release|Any CPU
		{7E21FD4A-CF00-4203-B9B4-51C262F256FF}.Release|Any CPU.Build.0 = Release|Any CPU
		{8E656B7E-C8D2-45E8-A55D-1F2DD2333A11}.Debug|Any CPU.ActiveCfg = Debug|Any CPU
		{8E656B7E-C8D2-45E8-A55D-1F2DD2333A11}.Debug|Any CPU.Build.0 = Debug|Any CPU
		{8E656B7E-C8D2-45E8-A55D-1F2DD2333A11}.Release|Any CPU.ActiveCfg = Release|Any CPU
		{8E656B7E-C8D2-45E8-A55D-1F2DD2333A11}.Release|Any CPU.Build.0 = Release|Any CPU
		{938CFDF8-AB56-4D2E-A44E-77CC6A39D296}.Debug|Any CPU.ActiveCfg = Debug|Any CPU
		{938CFDF8-AB56-4D2E-A44E-77CC6A39D296}.Debug|Any CPU.Build.0 = Debug|Any CPU
		{938CFDF8-AB56-4D2E-A44E-77CC6A39D296}.Release|Any CPU.ActiveCfg = Release|Any CPU
		{938CFDF8-AB56-4D2E-A44E-77CC6A39D296}.Release|Any CPU.Build.0 = Release|Any CPU
		{670AD9B5-4AED-4DF4-8828-257E8ACA1F9B}.Debug|Any CPU.ActiveCfg = Debug|Any CPU
		{670AD9B5-4AED-4DF4-8828-257E8ACA1F9B}.Debug|Any CPU.Build.0 = Debug|Any CPU
		{670AD9B5-4AED-4DF4-8828-257E8ACA1F9B}.Release|Any CPU.ActiveCfg = Release|Any CPU
		{670AD9B5-4AED-4DF4-8828-257E8ACA1F9B}.Release|Any CPU.Build.0 = Release|Any CPU
		{52D66B67-0F46-4651-A993-613FA0D4E8E7}.Debug|Any CPU.ActiveCfg = Debug|Any CPU
		{52D66B67-0F46-4651-A993-613FA0D4E8E7}.Debug|Any CPU.Build.0 = Debug|Any CPU
		{52D66B67-0F46-4651-A993-613FA0D4E8E7}.Release|Any CPU.ActiveCfg = Release|Any CPU
		{52D66B67-0F46-4651-A993-613FA0D4E8E7}.Release|Any CPU.Build.0 = Release|Any CPU
		{095805CF-D3F3-4CB9-8D49-2E8289ED0623}.Debug|Any CPU.ActiveCfg = Debug|Any CPU
		{095805CF-D3F3-4CB9-8D49-2E8289ED0623}.Debug|Any CPU.Build.0 = Debug|Any CPU
		{095805CF-D3F3-4CB9-8D49-2E8289ED0623}.Release|Any CPU.ActiveCfg = Release|Any CPU
		{095805CF-D3F3-4CB9-8D49-2E8289ED0623}.Release|Any CPU.Build.0 = Release|Any CPU
		{2EC9A145-CDD0-443B-BBB6-C815BC2E74AA}.Debug|Any CPU.ActiveCfg = Debug|Any CPU
		{2EC9A145-CDD0-443B-BBB6-C815BC2E74AA}.Debug|Any CPU.Build.0 = Debug|Any CPU
		{2EC9A145-CDD0-443B-BBB6-C815BC2E74AA}.Release|Any CPU.ActiveCfg = Release|Any CPU
		{2EC9A145-CDD0-443B-BBB6-C815BC2E74AA}.Release|Any CPU.Build.0 = Release|Any CPU
		{A0CB9F85-12F2-45A6-BD39-5DBE762491E9}.Debug|Any CPU.ActiveCfg = Debug|Any CPU
		{A0CB9F85-12F2-45A6-BD39-5DBE762491E9}.Debug|Any CPU.Build.0 = Debug|Any CPU
		{A0CB9F85-12F2-45A6-BD39-5DBE762491E9}.Release|Any CPU.ActiveCfg = Release|Any CPU
		{A0CB9F85-12F2-45A6-BD39-5DBE762491E9}.Release|Any CPU.Build.0 = Release|Any CPU
		{429BEDC9-8DB5-4A07-B26F-823E193DC23A}.Debug|Any CPU.ActiveCfg = Debug|Any CPU
		{429BEDC9-8DB5-4A07-B26F-823E193DC23A}.Debug|Any CPU.Build.0 = Debug|Any CPU
		{429BEDC9-8DB5-4A07-B26F-823E193DC23A}.Release|Any CPU.ActiveCfg = Release|Any CPU
		{429BEDC9-8DB5-4A07-B26F-823E193DC23A}.Release|Any CPU.Build.0 = Release|Any CPU
		{572DDB4D-DF2D-40CD-9232-57364610B32C}.Debug|Any CPU.ActiveCfg = Debug|Any CPU
		{572DDB4D-DF2D-40CD-9232-57364610B32C}.Debug|Any CPU.Build.0 = Debug|Any CPU
		{572DDB4D-DF2D-40CD-9232-57364610B32C}.Release|Any CPU.ActiveCfg = Release|Any CPU
		{572DDB4D-DF2D-40CD-9232-57364610B32C}.Release|Any CPU.Build.0 = Release|Any CPU
		{80AF15A6-FE06-43E7-B4FF-A250F2C00DD3}.Debug|Any CPU.ActiveCfg = Debug|Any CPU
		{80AF15A6-FE06-43E7-B4FF-A250F2C00DD3}.Debug|Any CPU.Build.0 = Debug|Any CPU
		{80AF15A6-FE06-43E7-B4FF-A250F2C00DD3}.Release|Any CPU.ActiveCfg = Release|Any CPU
		{80AF15A6-FE06-43E7-B4FF-A250F2C00DD3}.Release|Any CPU.Build.0 = Release|Any CPU
		{11A06554-263E-49BA-BB80-6416A03BA38D}.Debug|Any CPU.ActiveCfg = Debug|Any CPU
		{11A06554-263E-49BA-BB80-6416A03BA38D}.Debug|Any CPU.Build.0 = Debug|Any CPU
		{11A06554-263E-49BA-BB80-6416A03BA38D}.Release|Any CPU.ActiveCfg = Release|Any CPU
		{11A06554-263E-49BA-BB80-6416A03BA38D}.Release|Any CPU.Build.0 = Release|Any CPU
		{5132C7F3-5E2F-44AC-BD88-B8A7868BBA4A}.Debug|Any CPU.ActiveCfg = Debug|Any CPU
		{5132C7F3-5E2F-44AC-BD88-B8A7868BBA4A}.Debug|Any CPU.Build.0 = Debug|Any CPU
		{5132C7F3-5E2F-44AC-BD88-B8A7868BBA4A}.Release|Any CPU.ActiveCfg = Release|Any CPU
		{5132C7F3-5E2F-44AC-BD88-B8A7868BBA4A}.Release|Any CPU.Build.0 = Release|Any CPU
		{4E2E67A4-4046-419D-98FD-0C971DFE0D22}.Debug|Any CPU.ActiveCfg = Debug|Any CPU
		{4E2E67A4-4046-419D-98FD-0C971DFE0D22}.Debug|Any CPU.Build.0 = Debug|Any CPU
		{4E2E67A4-4046-419D-98FD-0C971DFE0D22}.Release|Any CPU.ActiveCfg = Release|Any CPU
		{4E2E67A4-4046-419D-98FD-0C971DFE0D22}.Release|Any CPU.Build.0 = Release|Any CPU
		{B098FFD5-0010-4C65-94B0-0A73DED8DBD6}.Debug|Any CPU.ActiveCfg = Debug|Any CPU
		{B098FFD5-0010-4C65-94B0-0A73DED8DBD6}.Debug|Any CPU.Build.0 = Debug|Any CPU
		{B098FFD5-0010-4C65-94B0-0A73DED8DBD6}.Release|Any CPU.ActiveCfg = Release|Any CPU
		{B098FFD5-0010-4C65-94B0-0A73DED8DBD6}.Release|Any CPU.Build.0 = Release|Any CPU
		{0DB03D1F-87FF-463C-82C8-8975E8403E9D}.Debug|Any CPU.ActiveCfg = Debug|Any CPU
		{0DB03D1F-87FF-463C-82C8-8975E8403E9D}.Debug|Any CPU.Build.0 = Debug|Any CPU
		{0DB03D1F-87FF-463C-82C8-8975E8403E9D}.Release|Any CPU.ActiveCfg = Release|Any CPU
		{0DB03D1F-87FF-463C-82C8-8975E8403E9D}.Release|Any CPU.Build.0 = Release|Any CPU
		{9D17CC68-D43E-45AF-BD40-4443A579B8C5}.Debug|Any CPU.ActiveCfg = Debug|Any CPU
		{9D17CC68-D43E-45AF-BD40-4443A579B8C5}.Debug|Any CPU.Build.0 = Debug|Any CPU
		{9D17CC68-D43E-45AF-BD40-4443A579B8C5}.Release|Any CPU.ActiveCfg = Release|Any CPU
		{9D17CC68-D43E-45AF-BD40-4443A579B8C5}.Release|Any CPU.Build.0 = Release|Any CPU
		{B8E6B03F-952F-4B53-B5C6-B24E79B1BA55}.Debug|Any CPU.ActiveCfg = Debug|Any CPU
		{B8E6B03F-952F-4B53-B5C6-B24E79B1BA55}.Debug|Any CPU.Build.0 = Debug|Any CPU
		{B8E6B03F-952F-4B53-B5C6-B24E79B1BA55}.Release|Any CPU.ActiveCfg = Release|Any CPU
		{B8E6B03F-952F-4B53-B5C6-B24E79B1BA55}.Release|Any CPU.Build.0 = Release|Any CPU
		{61ED02DD-067D-439E-8743-712EE7471BD9}.Debug|Any CPU.ActiveCfg = Debug|Any CPU
		{61ED02DD-067D-439E-8743-712EE7471BD9}.Debug|Any CPU.Build.0 = Debug|Any CPU
		{61ED02DD-067D-439E-8743-712EE7471BD9}.Release|Any CPU.ActiveCfg = Release|Any CPU
		{61ED02DD-067D-439E-8743-712EE7471BD9}.Release|Any CPU.Build.0 = Release|Any CPU
		{A8E92D1B-60F2-434E-B6C6-5E48D7FD2124}.Debug|Any CPU.ActiveCfg = Debug|Any CPU
		{A8E92D1B-60F2-434E-B6C6-5E48D7FD2124}.Debug|Any CPU.Build.0 = Debug|Any CPU
		{A8E92D1B-60F2-434E-B6C6-5E48D7FD2124}.Release|Any CPU.ActiveCfg = Release|Any CPU
		{A8E92D1B-60F2-434E-B6C6-5E48D7FD2124}.Release|Any CPU.Build.0 = Release|Any CPU
		{66EEB0E3-D43A-45BE-93FB-70D1302F6C1E}.Debug|Any CPU.ActiveCfg = Debug|Any CPU
		{66EEB0E3-D43A-45BE-93FB-70D1302F6C1E}.Debug|Any CPU.Build.0 = Debug|Any CPU
		{66EEB0E3-D43A-45BE-93FB-70D1302F6C1E}.Release|Any CPU.ActiveCfg = Release|Any CPU
		{66EEB0E3-D43A-45BE-93FB-70D1302F6C1E}.Release|Any CPU.Build.0 = Release|Any CPU
		{971966B3-26F3-4EA2-A24D-7F3B6280911F}.Debug|Any CPU.ActiveCfg = Debug|Any CPU
		{971966B3-26F3-4EA2-A24D-7F3B6280911F}.Debug|Any CPU.Build.0 = Debug|Any CPU
		{971966B3-26F3-4EA2-A24D-7F3B6280911F}.Release|Any CPU.ActiveCfg = Release|Any CPU
		{971966B3-26F3-4EA2-A24D-7F3B6280911F}.Release|Any CPU.Build.0 = Release|Any CPU
		{AE7EB2BA-631B-4613-82D4-820FC6E9EA1F}.Debug|Any CPU.ActiveCfg = Debug|Any CPU
		{AE7EB2BA-631B-4613-82D4-820FC6E9EA1F}.Debug|Any CPU.Build.0 = Debug|Any CPU
		{AE7EB2BA-631B-4613-82D4-820FC6E9EA1F}.Release|Any CPU.ActiveCfg = Release|Any CPU
		{AE7EB2BA-631B-4613-82D4-820FC6E9EA1F}.Release|Any CPU.Build.0 = Release|Any CPU
		{B908E8D4-4C54-418E-AEF8-7F066A7E2A31}.Debug|Any CPU.ActiveCfg = Debug|Any CPU
		{B908E8D4-4C54-418E-AEF8-7F066A7E2A31}.Debug|Any CPU.Build.0 = Debug|Any CPU
		{B908E8D4-4C54-418E-AEF8-7F066A7E2A31}.Release|Any CPU.ActiveCfg = Release|Any CPU
		{B908E8D4-4C54-418E-AEF8-7F066A7E2A31}.Release|Any CPU.Build.0 = Release|Any CPU
	EndGlobalSection
	GlobalSection(SolutionProperties) = preSolution
		HideSolutionNode = FALSE
	EndGlobalSection
	GlobalSection(NestedProjects) = preSolution
		{230C8138-C604-47BE-8FA3-74250892BCDB} = {FC34C6B1-B6BD-4BA3-8B7D-D61B797CBAE1}
		{21F97030-FC01-44CD-B1E9-1FBF0B19E457} = {116EB88A-E796-44D8-B5DA-061910B24AB4}
		{8A1C14C8-EFFD-4AC5-A284-2F2AAE9E8AA2} = {127FBA13-5D31-4499-ABCD-C5073BF26964}
		{7E21FD4A-CF00-4203-B9B4-51C262F256FF} = {127FBA13-5D31-4499-ABCD-C5073BF26964}
		{8E656B7E-C8D2-45E8-A55D-1F2DD2333A11} = {127FBA13-5D31-4499-ABCD-C5073BF26964}
		{938CFDF8-AB56-4D2E-A44E-77CC6A39D296} = {116EB88A-E796-44D8-B5DA-061910B24AB4}
		{670AD9B5-4AED-4DF4-8828-257E8ACA1F9B} = {E89F7F4D-C700-41A1-9B83-B4B8B91A2976}
		{52D66B67-0F46-4651-A993-613FA0D4E8E7} = {116EB88A-E796-44D8-B5DA-061910B24AB4}
		{095805CF-D3F3-4CB9-8D49-2E8289ED0623} = {E89F7F4D-C700-41A1-9B83-B4B8B91A2976}
		{2EC9A145-CDD0-443B-BBB6-C815BC2E74AA} = {E89F7F4D-C700-41A1-9B83-B4B8B91A2976}
		{E89F7F4D-C700-41A1-9B83-B4B8B91A2976} = {69984EBD-0473-48DD-8403-3912630DF172}
		{127FBA13-5D31-4499-ABCD-C5073BF26964} = {FC34C6B1-B6BD-4BA3-8B7D-D61B797CBAE1}
		{A0CB9F85-12F2-45A6-BD39-5DBE762491E9} = {116EB88A-E796-44D8-B5DA-061910B24AB4}
		{429BEDC9-8DB5-4A07-B26F-823E193DC23A} = {116EB88A-E796-44D8-B5DA-061910B24AB4}
		{FC34C6B1-B6BD-4BA3-8B7D-D61B797CBAE1} = {69984EBD-0473-48DD-8403-3912630DF172}
		{572DDB4D-DF2D-40CD-9232-57364610B32C} = {FC34C6B1-B6BD-4BA3-8B7D-D61B797CBAE1}
		{C9BF577B-DD54-436C-8BF3-5B7108852282} = {69984EBD-0473-48DD-8403-3912630DF172}
		{116EB88A-E796-44D8-B5DA-061910B24AB4} = {69984EBD-0473-48DD-8403-3912630DF172}
		{80AF15A6-FE06-43E7-B4FF-A250F2C00DD3} = {C9BF577B-DD54-436C-8BF3-5B7108852282}
		{11A06554-263E-49BA-BB80-6416A03BA38D} = {C9BF577B-DD54-436C-8BF3-5B7108852282}
		{5132C7F3-5E2F-44AC-BD88-B8A7868BBA4A} = {C9BF577B-DD54-436C-8BF3-5B7108852282}
		{4405D521-79F1-4412-9A0F-017115B1CBEB} = {69984EBD-0473-48DD-8403-3912630DF172}
		{4E2E67A4-4046-419D-98FD-0C971DFE0D22} = {8782C54A-0F13-497E-A553-F376052F4C44}
		{B098FFD5-0010-4C65-94B0-0A73DED8DBD6} = {C71CAA05-A8C0-4DB8-8220-13D22FDDA59F}
		{0DB03D1F-87FF-463C-82C8-8975E8403E9D} = {C71CAA05-A8C0-4DB8-8220-13D22FDDA59F}
		{9D17CC68-D43E-45AF-BD40-4443A579B8C5} = {C71CAA05-A8C0-4DB8-8220-13D22FDDA59F}
		{B8E6B03F-952F-4B53-B5C6-B24E79B1BA55} = {4405D521-79F1-4412-9A0F-017115B1CBEB}
		{61ED02DD-067D-439E-8743-712EE7471BD9} = {6155B434-2F07-4D7F-9567-64D5A32B3468}
		{43DC268D-9F43-41E5-874B-F588D351FE18} = {69984EBD-0473-48DD-8403-3912630DF172}
		{A8E92D1B-60F2-434E-B6C6-5E48D7FD2124} = {43DC268D-9F43-41E5-874B-F588D351FE18}
		{66EEB0E3-D43A-45BE-93FB-70D1302F6C1E} = {FC34C6B1-B6BD-4BA3-8B7D-D61B797CBAE1}
		{6155B434-2F07-4D7F-9567-64D5A32B3468} = {69984EBD-0473-48DD-8403-3912630DF172}
		{971966B3-26F3-4EA2-A24D-7F3B6280911F} = {6155B434-2F07-4D7F-9567-64D5A32B3468}
		{AE7EB2BA-631B-4613-82D4-820FC6E9EA1F} = {6155B434-2F07-4D7F-9567-64D5A32B3468}
		{B908E8D4-4C54-418E-AEF8-7F066A7E2A31} = {8782C54A-0F13-497E-A553-F376052F4C44}
	EndGlobalSection
	GlobalSection(ExtensibilityGlobals) = postSolution
		SolutionGuid = {DE09B9C7-86B8-415D-95C1-B30802D36079}
	EndGlobalSection
EndGlobal
