
Microsoft Visual Studio Solution File, Format Version 12.00
# Visual Studio 15
VisualStudioVersion = 15.0.27703.2018
MinimumVisualStudioVersion = 10.0.40219.1
Project("{FAE04EC0-301F-11D3-BF4B-00C04F79EFBC}") = "CycleBell", "CycleBell\CycleBell.csproj", "{B098FFD5-0010-4C65-94B0-0A73DED8DBD6}"
EndProject
Project("{FAE04EC0-301F-11D3-BF4B-00C04F79EFBC}") = "TimerTest", "TimerTest\TimerTest.csproj", "{230C8138-C604-47BE-8FA3-74250892BCDB}"
EndProject
Project("{FAE04EC0-301F-11D3-BF4B-00C04F79EFBC}") = "Converters", "Converters\Converters.csproj", "{21F97030-FC01-44CD-B1E9-1FBF0B19E457}"
EndProject
Project("{FAE04EC0-301F-11D3-BF4B-00C04F79EFBC}") = "AutoResetEventEx2", "AutoResetEventEx2\AutoResetEventEx2.csproj", "{8A1C14C8-EFFD-4AC5-A284-2F2AAE9E8AA2}"
EndProject
Project("{FAE04EC0-301F-11D3-BF4B-00C04F79EFBC}") = "AutoResetEventEx1", "AutoResetEventEx1\AutoResetEventEx1.csproj", "{7E21FD4A-CF00-4203-B9B4-51C262F256FF}"
EndProject
Project("{FAE04EC0-301F-11D3-BF4B-00C04F79EFBC}") = "TimerExample", "TimerExample\TimerExample.csproj", "{8E656B7E-C8D2-45E8-A55D-1F2DD2333A11}"
EndProject
Project("{FAE04EC0-301F-11D3-BF4B-00C04F79EFBC}") = "WpfApp1", "WpfApp1\WpfApp1.csproj", "{938CFDF8-AB56-4D2E-A44E-77CC6A39D296}"
EndProject
Project("{FAE04EC0-301F-11D3-BF4B-00C04F79EFBC}") = "TimerTextBox", "TimerTextBox\TimerTextBox.csproj", "{670AD9B5-4AED-4DF4-8828-257E8ACA1F9B}"
EndProject
Project("{FAE04EC0-301F-11D3-BF4B-00C04F79EFBC}") = "ConsoleApp1", "ConsoleApp1\ConsoleApp1.csproj", "{52D66B67-0F46-4651-A993-613FA0D4E8E7}"
EndProject
Global
	GlobalSection(SolutionConfigurationPlatforms) = preSolution
		Debug|Any CPU = Debug|Any CPU
		Release|Any CPU = Release|Any CPU
	EndGlobalSection
	GlobalSection(ProjectConfigurationPlatforms) = postSolution
		{B098FFD5-0010-4C65-94B0-0A73DED8DBD6}.Debug|Any CPU.ActiveCfg = Debug|Any CPU
		{B098FFD5-0010-4C65-94B0-0A73DED8DBD6}.Debug|Any CPU.Build.0 = Debug|Any CPU
		{B098FFD5-0010-4C65-94B0-0A73DED8DBD6}.Release|Any CPU.ActiveCfg = Release|Any CPU
		{B098FFD5-0010-4C65-94B0-0A73DED8DBD6}.Release|Any CPU.Build.0 = Release|Any CPU
		{230C8138-C604-47BE-8FA3-74250892BCDB}.Debug|Any CPU.ActiveCfg = Debug|Any CPU
		{230C8138-C604-47BE-8FA3-74250892BCDB}.Debug|Any CPU.Build.0 = Debug|Any CPU
		{230C8138-C604-47BE-8FA3-74250892BCDB}.Release|Any CPU.ActiveCfg = Release|Any CPU
		{230C8138-C604-47BE-8FA3-74250892BCDB}.Release|Any CPU.Build.0 = Release|Any CPU
		{21F97030-FC01-44CD-B1E9-1FBF0B19E457}.Debug|Any CPU.ActiveCfg = Debug|Any CPU
		{21F97030-FC01-44CD-B1E9-1FBF0B19E457}.Debug|Any CPU.Build.0 = Debug|Any CPU
		{21F97030-FC01-44CD-B1E9-1FBF0B19E457}.Release|Any CPU.ActiveCfg = Release|Any CPU
		{21F97030-FC01-44CD-B1E9-1FBF0B19E457}.Release|Any CPU.Build.0 = Release|Any CPU
		{8A1C14C8-EFFD-4AC5-A284-2F2AAE9E8AA2}.Debug|Any CPU.ActiveCfg = Debug|Any CPU
		{8A1C14C8-EFFD-4AC5-A284-2F2AAE9E8AA2}.Debug|Any CPU.Build.0 = Debug|Any CPU
		{8A1C14C8-EFFD-4AC5-A284-2F2AAE9E8AA2}.Release|Any CPU.ActiveCfg = Release|Any CPU
		{8A1C14C8-EFFD-4AC5-A284-2F2AAE9E8AA2}.Release|Any CPU.Build.0 = Release|Any CPU
		{7E21FD4A-CF00-4203-B9B4-51C262F256FF}.Debug|Any CPU.ActiveCfg = Debug|Any CPU
		{7E21FD4A-CF00-4203-B9B4-51C262F256FF}.Debug|Any CPU.Build.0 = Debug|Any CPU
		{7E21FD4A-CF00-4203-B9B4-51C262F256FF}.Release|Any CPU.ActiveCfg = Release|Any CPU
		{7E21FD4A-CF00-4203-B9B4-51C262F256FF}.Release|Any CPU.Build.0 = Release|Any CPU
		{8E656B7E-C8D2-45E8-A55D-1F2DD2333A11}.Debug|Any CPU.ActiveCfg = Debug|Any CPU
		{8E656B7E-C8D2-45E8-A55D-1F2DD2333A11}.Debug|Any CPU.Build.0 = Debug|Any CPU
		{8E656B7E-C8D2-45E8-A55D-1F2DD2333A11}.Release|Any CPU.ActiveCfg = Release|Any CPU
		{8E656B7E-C8D2-45E8-A55D-1F2DD2333A11}.Release|Any CPU.Build.0 = Release|Any CPU
		{938CFDF8-AB56-4D2E-A44E-77CC6A39D296}.Debug|Any CPU.ActiveCfg = Debug|Any CPU
		{938CFDF8-AB56-4D2E-A44E-77CC6A39D296}.Debug|Any CPU.Build.0 = Debug|Any CPU
		{938CFDF8-AB56-4D2E-A44E-77CC6A39D296}.Release|Any CPU.ActiveCfg = Release|Any CPU
		{938CFDF8-AB56-4D2E-A44E-77CC6A39D296}.Release|Any CPU.Build.0 = Release|Any CPU
		{670AD9B5-4AED-4DF4-8828-257E8ACA1F9B}.Debug|Any CPU.ActiveCfg = Debug|Any CPU
		{670AD9B5-4AED-4DF4-8828-257E8ACA1F9B}.Debug|Any CPU.Build.0 = Debug|Any CPU
		{670AD9B5-4AED-4DF4-8828-257E8ACA1F9B}.Release|Any CPU.ActiveCfg = Release|Any CPU
		{670AD9B5-4AED-4DF4-8828-257E8ACA1F9B}.Release|Any CPU.Build.0 = Release|Any CPU
		{52D66B67-0F46-4651-A993-613FA0D4E8E7}.Debug|Any CPU.ActiveCfg = Debug|Any CPU
		{52D66B67-0F46-4651-A993-613FA0D4E8E7}.Debug|Any CPU.Build.0 = Debug|Any CPU
		{52D66B67-0F46-4651-A993-613FA0D4E8E7}.Release|Any CPU.ActiveCfg = Release|Any CPU
		{52D66B67-0F46-4651-A993-613FA0D4E8E7}.Release|Any CPU.Build.0 = Release|Any CPU
	EndGlobalSection
	GlobalSection(SolutionProperties) = preSolution
		HideSolutionNode = FALSE
	EndGlobalSection
	GlobalSection(ExtensibilityGlobals) = postSolution
		SolutionGuid = {DE09B9C7-86B8-415D-95C1-B30802D36079}
	EndGlobalSection
EndGlobal
