
Microsoft Visual Studio Solution File, Format Version 12.00
# Visual Studio 15
VisualStudioVersion = 15.0.27703.2018
MinimumVisualStudioVersion = 10.0.40219.1
Project("{FAE04EC0-301F-11D3-BF4B-00C04F79EFBC}") = "CycleBell", "CycleBell\CycleBell.csproj", "{B098FFD5-0010-4C65-94B0-0A73DED8DBD6}"
EndProject
Project("{FAE04EC0-301F-11D3-BF4B-00C04F79EFBC}") = "Timer", "Timer\Timer.csproj", "{44A16AD9-5B8D-4259-ABC3-DE3BE8C2D59A}"
EndProject
Project("{FAE04EC0-301F-11D3-BF4B-00C04F79EFBC}") = "WpfControlTemplates", "WpfControlTemplates\WpfControlTemplates.csproj", "{C51DA981-DB7F-4951-AC87-FBCE40BA5496}"
EndProject
Global
	GlobalSection(SolutionConfigurationPlatforms) = preSolution
		Debug|Any CPU = Debug|Any CPU
		Release|Any CPU = Release|Any CPU
	EndGlobalSection
	GlobalSection(ProjectConfigurationPlatforms) = postSolution
		{B098FFD5-0010-4C65-94B0-0A73DED8DBD6}.Debug|Any CPU.ActiveCfg = Debug|Any CPU
		{B098FFD5-0010-4C65-94B0-0A73DED8DBD6}.Debug|Any CPU.Build.0 = Debug|Any CPU
		{B098FFD5-0010-4C65-94B0-0A73DED8DBD6}.Release|Any CPU.ActiveCfg = Release|Any CPU
		{B098FFD5-0010-4C65-94B0-0A73DED8DBD6}.Release|Any CPU.Build.0 = Release|Any CPU
		{44A16AD9-5B8D-4259-ABC3-DE3BE8C2D59A}.Debug|Any CPU.ActiveCfg = Debug|Any CPU
		{44A16AD9-5B8D-4259-ABC3-DE3BE8C2D59A}.Debug|Any CPU.Build.0 = Debug|Any CPU
		{44A16AD9-5B8D-4259-ABC3-DE3BE8C2D59A}.Release|Any CPU.ActiveCfg = Release|Any CPU
		{44A16AD9-5B8D-4259-ABC3-DE3BE8C2D59A}.Release|Any CPU.Build.0 = Release|Any CPU
		{C51DA981-DB7F-4951-AC87-FBCE40BA5496}.Debug|Any CPU.ActiveCfg = Debug|Any CPU
		{C51DA981-DB7F-4951-AC87-FBCE40BA5496}.Debug|Any CPU.Build.0 = Debug|Any CPU
		{C51DA981-DB7F-4951-AC87-FBCE40BA5496}.Release|Any CPU.ActiveCfg = Release|Any CPU
		{C51DA981-DB7F-4951-AC87-FBCE40BA5496}.Release|Any CPU.Build.0 = Release|Any CPU
	EndGlobalSection
	GlobalSection(SolutionProperties) = preSolution
		HideSolutionNode = FALSE
	EndGlobalSection
	GlobalSection(ExtensibilityGlobals) = postSolution
		SolutionGuid = {DE09B9C7-86B8-415D-95C1-B30802D36079}
	EndGlobalSection
EndGlobal
